
Microsoft Visual Studio Solution File, Format Version 12.00
# Visual Studio Version 17
VisualStudioVersion = 17.0.32014.148
MinimumVisualStudioVersion = 10.0.40219.1
Project("{FAE04EC0-301F-11D3-BF4B-00C04F79EFBC}") = "Workflow", "Workflow.csproj", "{F8D8696F-8DB2-4636-89D8-A58F3D851DD5}"
EndProject
Global
	GlobalSection(SolutionConfigurationPlatforms) = preSolution
		Debug|Any CPU = Debug|Any CPU
		Release|Any CPU = Release|Any CPU
	EndGlobalSection
	GlobalSection(ProjectConfigurationPlatforms) = postSolution
		{F8D8696F-8DB2-4636-89D8-A58F3D851DD5}.Debug|Any CPU.ActiveCfg = Debug|Any CPU
		{F8D8696F-8DB2-4636-89D8-A58F3D851DD5}.Debug|Any CPU.Build.0 = Debug|Any CPU
		{F8D8696F-8DB2-4636-89D8-A58F3D851DD5}.Release|Any CPU.ActiveCfg = Release|Any CPU
		{F8D8696F-8DB2-4636-89D8-A58F3D851DD5}.Release|Any CPU.Build.0 = Release|Any CPU
	EndGlobalSection
	GlobalSection(SolutionProperties) = preSolution
		HideSolutionNode = FALSE
	EndGlobalSection
	GlobalSection(ExtensibilityGlobals) = postSolution
		SolutionGuid = {936CEEB7-1321-47FE-88EF-65D243CCB902}
	EndGlobalSection
EndGlobal
